# @generated by Move, please check-in and do not edit manually.

[move]
version = 0

dependencies = [
  { name = "Haneul" },
]

[[move.package]]
name = "MoveStdlib"
source = { local = "../../../../../haneul-framework/deps/move-stdlib" }

[[move.package]]
name = "Haneul"
source = { local = "../../../../../haneul-framework" }

dependencies = [
  { name = "MoveStdlib" },
]
