# @generated by Move, please check-in and do not edit manually.

[move]
version = 0

dependencies = [
  { name = "Haneul" },
]

[[move.package]]
name = "MoveStdlib"
source = { local = "../../../../../../crates/haneul-framework/packages/move-stdlib" }

[[move.package]]
name = "Haneul"
source = { local = "../../../../../../crates/haneul-framework/packages/haneul-framework" }

dependencies = [
  { name = "MoveStdlib" },
]
